
Microsoft Visual Studio Solution File, Format Version 12.00
# Visual Studio Version 17
VisualStudioVersion = 17.0.31903.59
MinimumVisualStudioVersion = 10.0.40219.1
Project("{2150E333-8FDC-42A3-9474-1A3956D46DE8}") = "src", "src", "{395C675F-57E0-4436-AD76-CDA3E883B91A}"
EndProject
Project("{FAE04EC0-301F-11D3-BF4B-00C04F79EFBC}") = "AuctionService", "src\AuctionService\AuctionService.csproj", "{DB6C64B4-D3D4-4432-843D-DBAF455768C0}"
EndProject
Project("{FAE04EC0-301F-11D3-BF4B-00C04F79EFBC}") = "SearchService", "src\SearchService\SearchService.csproj", "{889C1BD4-AF89-44FE-958B-CDBEAEB299D9}"
EndProject
Project("{FAE04EC0-301F-11D3-BF4B-00C04F79EFBC}") = "MessageContracts", "src\MessageContracts\MessageContracts.csproj", "{75626B17-B926-46DC-9A3E-874A103F55B3}"
EndProject
Project("{FAE04EC0-301F-11D3-BF4B-00C04F79EFBC}") = "IdentityService", "src\IdentityService\IdentityService.csproj", "{456CFA61-2DB8-4B7C-9953-3CA76885CD6C}"
EndProject
Project("{FAE04EC0-301F-11D3-BF4B-00C04F79EFBC}") = "GatewayService", "src\GatewayService\GatewayService.csproj", "{F87095CD-F224-41C0-9E43-02241D728DF8}"
EndProject
Project("{2150E333-8FDC-42A3-9474-1A3956D46DE8}") = "tests", "tests", "{333D3163-521F-46E6-A5AD-4403F9B8D38A}"
EndProject
Project("{FAE04EC0-301F-11D3-BF4B-00C04F79EFBC}") = "AuctionService.UnitTests", "tests\AuctionService.UnitTests\AuctionService.UnitTests.csproj", "{0432C0EA-7222-4A0C-8AFA-77104177BEDE}"
EndProject
Project("{FAE04EC0-301F-11D3-BF4B-00C04F79EFBC}") = "SearchService.UnitTests", "tests\SearchService.UnitTests\SearchService.UnitTests.csproj", "{AFF70592-6E6F-4A17-90BC-CD30D3703600}"
EndProject
Project("{FAE04EC0-301F-11D3-BF4B-00C04F79EFBC}") = "AuctionService.IntegrationTests", "tests\AuctionService.IntegrationTests\AuctionService.IntegrationTests.csproj", "{CE49097A-05E2-4C2D-920A-C039F04A1D77}"
EndProject
Project("{FAE04EC0-301F-11D3-BF4B-00C04F79EFBC}") = "BiddingService", "src\BiddingService\BiddingService.csproj", "{3600349C-7B65-46E4-BE59-E169C33532B9}"
EndProject
Global
	GlobalSection(SolutionConfigurationPlatforms) = preSolution
		Debug|Any CPU = Debug|Any CPU
		Release|Any CPU = Release|Any CPU
	EndGlobalSection
	GlobalSection(SolutionProperties) = preSolution
		HideSolutionNode = FALSE
	EndGlobalSection
	GlobalSection(ProjectConfigurationPlatforms) = postSolution
		{DB6C64B4-D3D4-4432-843D-DBAF455768C0}.Debug|Any CPU.ActiveCfg = Debug|Any CPU
		{DB6C64B4-D3D4-4432-843D-DBAF455768C0}.Debug|Any CPU.Build.0 = Debug|Any CPU
		{DB6C64B4-D3D4-4432-843D-DBAF455768C0}.Release|Any CPU.ActiveCfg = Release|Any CPU
		{DB6C64B4-D3D4-4432-843D-DBAF455768C0}.Release|Any CPU.Build.0 = Release|Any CPU
		{889C1BD4-AF89-44FE-958B-CDBEAEB299D9}.Debug|Any CPU.ActiveCfg = Debug|Any CPU
		{889C1BD4-AF89-44FE-958B-CDBEAEB299D9}.Debug|Any CPU.Build.0 = Debug|Any CPU
		{889C1BD4-AF89-44FE-958B-CDBEAEB299D9}.Release|Any CPU.ActiveCfg = Release|Any CPU
		{889C1BD4-AF89-44FE-958B-CDBEAEB299D9}.Release|Any CPU.Build.0 = Release|Any CPU
		{75626B17-B926-46DC-9A3E-874A103F55B3}.Debug|Any CPU.ActiveCfg = Debug|Any CPU
		{75626B17-B926-46DC-9A3E-874A103F55B3}.Debug|Any CPU.Build.0 = Debug|Any CPU
		{75626B17-B926-46DC-9A3E-874A103F55B3}.Release|Any CPU.ActiveCfg = Release|Any CPU
		{75626B17-B926-46DC-9A3E-874A103F55B3}.Release|Any CPU.Build.0 = Release|Any CPU
		{456CFA61-2DB8-4B7C-9953-3CA76885CD6C}.Debug|Any CPU.ActiveCfg = Debug|Any CPU
		{456CFA61-2DB8-4B7C-9953-3CA76885CD6C}.Debug|Any CPU.Build.0 = Debug|Any CPU
		{456CFA61-2DB8-4B7C-9953-3CA76885CD6C}.Release|Any CPU.ActiveCfg = Release|Any CPU
		{456CFA61-2DB8-4B7C-9953-3CA76885CD6C}.Release|Any CPU.Build.0 = Release|Any CPU
		{F87095CD-F224-41C0-9E43-02241D728DF8}.Debug|Any CPU.ActiveCfg = Debug|Any CPU
		{F87095CD-F224-41C0-9E43-02241D728DF8}.Debug|Any CPU.Build.0 = Debug|Any CPU
		{F87095CD-F224-41C0-9E43-02241D728DF8}.Release|Any CPU.ActiveCfg = Release|Any CPU
		{F87095CD-F224-41C0-9E43-02241D728DF8}.Release|Any CPU.Build.0 = Release|Any CPU
		{0432C0EA-7222-4A0C-8AFA-77104177BEDE}.Debug|Any CPU.ActiveCfg = Debug|Any CPU
		{0432C0EA-7222-4A0C-8AFA-77104177BEDE}.Debug|Any CPU.Build.0 = Debug|Any CPU
		{0432C0EA-7222-4A0C-8AFA-77104177BEDE}.Release|Any CPU.ActiveCfg = Release|Any CPU
		{0432C0EA-7222-4A0C-8AFA-77104177BEDE}.Release|Any CPU.Build.0 = Release|Any CPU
		{AFF70592-6E6F-4A17-90BC-CD30D3703600}.Debug|Any CPU.ActiveCfg = Debug|Any CPU
		{AFF70592-6E6F-4A17-90BC-CD30D3703600}.Debug|Any CPU.Build.0 = Debug|Any CPU
		{AFF70592-6E6F-4A17-90BC-CD30D3703600}.Release|Any CPU.ActiveCfg = Release|Any CPU
		{AFF70592-6E6F-4A17-90BC-CD30D3703600}.Release|Any CPU.Build.0 = Release|Any CPU
		{CE49097A-05E2-4C2D-920A-C039F04A1D77}.Debug|Any CPU.ActiveCfg = Debug|Any CPU
		{CE49097A-05E2-4C2D-920A-C039F04A1D77}.Debug|Any CPU.Build.0 = Debug|Any CPU
		{CE49097A-05E2-4C2D-920A-C039F04A1D77}.Release|Any CPU.ActiveCfg = Release|Any CPU
		{CE49097A-05E2-4C2D-920A-C039F04A1D77}.Release|Any CPU.Build.0 = Release|Any CPU
		{3600349C-7B65-46E4-BE59-E169C33532B9}.Debug|Any CPU.ActiveCfg = Debug|Any CPU
		{3600349C-7B65-46E4-BE59-E169C33532B9}.Debug|Any CPU.Build.0 = Debug|Any CPU
		{3600349C-7B65-46E4-BE59-E169C33532B9}.Release|Any CPU.ActiveCfg = Release|Any CPU
		{3600349C-7B65-46E4-BE59-E169C33532B9}.Release|Any CPU.Build.0 = Release|Any CPU
	EndGlobalSection
	GlobalSection(NestedProjects) = preSolution
		{DB6C64B4-D3D4-4432-843D-DBAF455768C0} = {395C675F-57E0-4436-AD76-CDA3E883B91A}
		{889C1BD4-AF89-44FE-958B-CDBEAEB299D9} = {395C675F-57E0-4436-AD76-CDA3E883B91A}
		{75626B17-B926-46DC-9A3E-874A103F55B3} = {395C675F-57E0-4436-AD76-CDA3E883B91A}
		{456CFA61-2DB8-4B7C-9953-3CA76885CD6C} = {395C675F-57E0-4436-AD76-CDA3E883B91A}
		{F87095CD-F224-41C0-9E43-02241D728DF8} = {395C675F-57E0-4436-AD76-CDA3E883B91A}
		{0432C0EA-7222-4A0C-8AFA-77104177BEDE} = {333D3163-521F-46E6-A5AD-4403F9B8D38A}
		{AFF70592-6E6F-4A17-90BC-CD30D3703600} = {333D3163-521F-46E6-A5AD-4403F9B8D38A}
		{CE49097A-05E2-4C2D-920A-C039F04A1D77} = {333D3163-521F-46E6-A5AD-4403F9B8D38A}
		{3600349C-7B65-46E4-BE59-E169C33532B9} = {395C675F-57E0-4436-AD76-CDA3E883B91A}
	EndGlobalSection
EndGlobal
